
Microsoft Visual Studio Solution File, Format Version 12.00
# Visual Studio Version 17
VisualStudioVersion = 17.9.34902.65
MinimumVisualStudioVersion = 10.0.40219.1
Project("{9A19103F-16F7-4668-BE54-9A1E7A4F7556}") = "stage0", "stage0\stage0.csproj", "{5A362A37-991D-4F60-8B41-38A75659C1BC}"
EndProject
Project("{2150E333-8FDC-42A3-9474-1A3956D46DE8}") = "Solution Items", "Solution Items", "{7864CEF0-67CB-4FA1-9FDB-8F1B7C2B35B4}"
	ProjectSection(SolutionItems) = preProject
		README.md = README.md
	EndProjectSection
EndProject
Project("{9A19103F-16F7-4668-BE54-9A1E7A4F7556}") = "DalFacade", "DalFacade\DalFacade.csproj", "{3BCB1BD8-0852-4B91-8832-B2B9428CF350}"
EndProject
Project("{9A19103F-16F7-4668-BE54-9A1E7A4F7556}") = "DalList", "DalList\DalList.csproj", "{31E8C8B8-07ED-4307-8357-53F80DEE4622}"
EndProject
Project("{9A19103F-16F7-4668-BE54-9A1E7A4F7556}") = "DalTest", "DalTest\DalTest.csproj", "{47CB727E-5F6A-4095-BA91-57AB8A5FC672}"
EndProject
Project("{9A19103F-16F7-4668-BE54-9A1E7A4F7556}") = "Accessories", "Accessories\Accessories.csproj", "{D44D0024-8F6F-4BE6-BB72-58D55FE7EC60}"
EndProject
Project("{9A19103F-16F7-4668-BE54-9A1E7A4F7556}") = "DalXml", "DalXml\DalXml.csproj", "{C0C68AED-EF09-4DC9-9894-88F6114CC5ED}"
EndProject
Project("{2150E333-8FDC-42A3-9474-1A3956D46DE8}") = "xml", "xml", "{094B5D9B-BE45-440C-9972-4F4D6B6E806E}"
	ProjectSection(SolutionItems) = preProject
		xml\assignments.xml = xml\assignments.xml
		xml\calls.xml = xml\calls.xml
		xml\dal-config.xml = xml\dal-config.xml
		xml\data-config.xml = xml\data-config.xml
		xml\volunteers.xml = xml\volunteers.xml
	EndProjectSection
EndProject
Project("{9A19103F-16F7-4668-BE54-9A1E7A4F7556}") = "BL", "BL\BL.csproj", "{4D650CEF-0DD8-4AE6-99D4-B13C1778E564}"
EndProject
Project("{9A19103F-16F7-4668-BE54-9A1E7A4F7556}") = "BlTest", "BlTest\BlTest.csproj", "{D681E3E9-31B4-46B3-9E78-81A649D111DC}"
EndProject
Project("{FAE04EC0-301F-11D3-BF4B-00C04F79EFBC}") = "PL", "PL\PL.csproj", "{1726B93F-CF94-4838-ADF8-68AE3BB97306}"
EndProject
Global
	GlobalSection(SolutionConfigurationPlatforms) = preSolution
		Debug|Any CPU = Debug|Any CPU
		Debug|ARM = Debug|ARM
		Debug|ARM64 = Debug|ARM64
		Debug|x64 = Debug|x64
		Debug|x86 = Debug|x86
		Release|Any CPU = Release|Any CPU
		Release|ARM = Release|ARM
		Release|ARM64 = Release|ARM64
		Release|x64 = Release|x64
		Release|x86 = Release|x86
	EndGlobalSection
	GlobalSection(ProjectConfigurationPlatforms) = postSolution
		{5A362A37-991D-4F60-8B41-38A75659C1BC}.Debug|Any CPU.ActiveCfg = Debug|Any CPU
		{5A362A37-991D-4F60-8B41-38A75659C1BC}.Debug|Any CPU.Build.0 = Debug|Any CPU
		{5A362A37-991D-4F60-8B41-38A75659C1BC}.Debug|ARM.ActiveCfg = Debug|Any CPU
		{5A362A37-991D-4F60-8B41-38A75659C1BC}.Debug|ARM.Build.0 = Debug|Any CPU
		{5A362A37-991D-4F60-8B41-38A75659C1BC}.Debug|ARM64.ActiveCfg = Debug|Any CPU
		{5A362A37-991D-4F60-8B41-38A75659C1BC}.Debug|ARM64.Build.0 = Debug|Any CPU
		{5A362A37-991D-4F60-8B41-38A75659C1BC}.Debug|x64.ActiveCfg = Debug|Any CPU
		{5A362A37-991D-4F60-8B41-38A75659C1BC}.Debug|x64.Build.0 = Debug|Any CPU
		{5A362A37-991D-4F60-8B41-38A75659C1BC}.Debug|x86.ActiveCfg = Debug|Any CPU
		{5A362A37-991D-4F60-8B41-38A75659C1BC}.Debug|x86.Build.0 = Debug|Any CPU
		{5A362A37-991D-4F60-8B41-38A75659C1BC}.Release|Any CPU.ActiveCfg = Release|Any CPU
		{5A362A37-991D-4F60-8B41-38A75659C1BC}.Release|Any CPU.Build.0 = Release|Any CPU
		{5A362A37-991D-4F60-8B41-38A75659C1BC}.Release|ARM.ActiveCfg = Release|Any CPU
		{5A362A37-991D-4F60-8B41-38A75659C1BC}.Release|ARM.Build.0 = Release|Any CPU
		{5A362A37-991D-4F60-8B41-38A75659C1BC}.Release|ARM64.ActiveCfg = Release|Any CPU
		{5A362A37-991D-4F60-8B41-38A75659C1BC}.Release|ARM64.Build.0 = Release|Any CPU
		{5A362A37-991D-4F60-8B41-38A75659C1BC}.Release|x64.ActiveCfg = Release|Any CPU
		{5A362A37-991D-4F60-8B41-38A75659C1BC}.Release|x64.Build.0 = Release|Any CPU
		{5A362A37-991D-4F60-8B41-38A75659C1BC}.Release|x86.ActiveCfg = Release|Any CPU
		{5A362A37-991D-4F60-8B41-38A75659C1BC}.Release|x86.Build.0 = Release|Any CPU
		{3BCB1BD8-0852-4B91-8832-B2B9428CF350}.Debug|Any CPU.ActiveCfg = Debug|Any CPU
		{3BCB1BD8-0852-4B91-8832-B2B9428CF350}.Debug|Any CPU.Build.0 = Debug|Any CPU
		{3BCB1BD8-0852-4B91-8832-B2B9428CF350}.Debug|ARM.ActiveCfg = Debug|Any CPU
		{3BCB1BD8-0852-4B91-8832-B2B9428CF350}.Debug|ARM.Build.0 = Debug|Any CPU
		{3BCB1BD8-0852-4B91-8832-B2B9428CF350}.Debug|ARM64.ActiveCfg = Debug|Any CPU
		{3BCB1BD8-0852-4B91-8832-B2B9428CF350}.Debug|ARM64.Build.0 = Debug|Any CPU
		{3BCB1BD8-0852-4B91-8832-B2B9428CF350}.Debug|x64.ActiveCfg = Debug|Any CPU
		{3BCB1BD8-0852-4B91-8832-B2B9428CF350}.Debug|x64.Build.0 = Debug|Any CPU
		{3BCB1BD8-0852-4B91-8832-B2B9428CF350}.Debug|x86.ActiveCfg = Debug|Any CPU
		{3BCB1BD8-0852-4B91-8832-B2B9428CF350}.Debug|x86.Build.0 = Debug|Any CPU
		{3BCB1BD8-0852-4B91-8832-B2B9428CF350}.Release|Any CPU.ActiveCfg = Release|Any CPU
		{3BCB1BD8-0852-4B91-8832-B2B9428CF350}.Release|Any CPU.Build.0 = Release|Any CPU
		{3BCB1BD8-0852-4B91-8832-B2B9428CF350}.Release|ARM.ActiveCfg = Release|Any CPU
		{3BCB1BD8-0852-4B91-8832-B2B9428CF350}.Release|ARM.Build.0 = Release|Any CPU
		{3BCB1BD8-0852-4B91-8832-B2B9428CF350}.Release|ARM64.ActiveCfg = Release|Any CPU
		{3BCB1BD8-0852-4B91-8832-B2B9428CF350}.Release|ARM64.Build.0 = Release|Any CPU
		{3BCB1BD8-0852-4B91-8832-B2B9428CF350}.Release|x64.ActiveCfg = Release|Any CPU
		{3BCB1BD8-0852-4B91-8832-B2B9428CF350}.Release|x64.Build.0 = Release|Any CPU
		{3BCB1BD8-0852-4B91-8832-B2B9428CF350}.Release|x86.ActiveCfg = Release|Any CPU
		{3BCB1BD8-0852-4B91-8832-B2B9428CF350}.Release|x86.Build.0 = Release|Any CPU
		{31E8C8B8-07ED-4307-8357-53F80DEE4622}.Debug|Any CPU.ActiveCfg = Debug|Any CPU
		{31E8C8B8-07ED-4307-8357-53F80DEE4622}.Debug|Any CPU.Build.0 = Debug|Any CPU
		{31E8C8B8-07ED-4307-8357-53F80DEE4622}.Debug|ARM.ActiveCfg = Debug|Any CPU
		{31E8C8B8-07ED-4307-8357-53F80DEE4622}.Debug|ARM.Build.0 = Debug|Any CPU
		{31E8C8B8-07ED-4307-8357-53F80DEE4622}.Debug|ARM64.ActiveCfg = Debug|Any CPU
		{31E8C8B8-07ED-4307-8357-53F80DEE4622}.Debug|ARM64.Build.0 = Debug|Any CPU
		{31E8C8B8-07ED-4307-8357-53F80DEE4622}.Debug|x64.ActiveCfg = Debug|Any CPU
		{31E8C8B8-07ED-4307-8357-53F80DEE4622}.Debug|x64.Build.0 = Debug|Any CPU
		{31E8C8B8-07ED-4307-8357-53F80DEE4622}.Debug|x86.ActiveCfg = Debug|Any CPU
		{31E8C8B8-07ED-4307-8357-53F80DEE4622}.Debug|x86.Build.0 = Debug|Any CPU
		{31E8C8B8-07ED-4307-8357-53F80DEE4622}.Release|Any CPU.ActiveCfg = Release|Any CPU
		{31E8C8B8-07ED-4307-8357-53F80DEE4622}.Release|Any CPU.Build.0 = Release|Any CPU
		{31E8C8B8-07ED-4307-8357-53F80DEE4622}.Release|ARM.ActiveCfg = Release|Any CPU
		{31E8C8B8-07ED-4307-8357-53F80DEE4622}.Release|ARM.Build.0 = Release|Any CPU
		{31E8C8B8-07ED-4307-8357-53F80DEE4622}.Release|ARM64.ActiveCfg = Release|Any CPU
		{31E8C8B8-07ED-4307-8357-53F80DEE4622}.Release|ARM64.Build.0 = Release|Any CPU
		{31E8C8B8-07ED-4307-8357-53F80DEE4622}.Release|x64.ActiveCfg = Release|Any CPU
		{31E8C8B8-07ED-4307-8357-53F80DEE4622}.Release|x64.Build.0 = Release|Any CPU
		{31E8C8B8-07ED-4307-8357-53F80DEE4622}.Release|x86.ActiveCfg = Release|Any CPU
		{31E8C8B8-07ED-4307-8357-53F80DEE4622}.Release|x86.Build.0 = Release|Any CPU
		{47CB727E-5F6A-4095-BA91-57AB8A5FC672}.Debug|Any CPU.ActiveCfg = Debug|Any CPU
		{47CB727E-5F6A-4095-BA91-57AB8A5FC672}.Debug|Any CPU.Build.0 = Debug|Any CPU
		{47CB727E-5F6A-4095-BA91-57AB8A5FC672}.Debug|ARM.ActiveCfg = Debug|Any CPU
		{47CB727E-5F6A-4095-BA91-57AB8A5FC672}.Debug|ARM.Build.0 = Debug|Any CPU
		{47CB727E-5F6A-4095-BA91-57AB8A5FC672}.Debug|ARM64.ActiveCfg = Debug|Any CPU
		{47CB727E-5F6A-4095-BA91-57AB8A5FC672}.Debug|ARM64.Build.0 = Debug|Any CPU
		{47CB727E-5F6A-4095-BA91-57AB8A5FC672}.Debug|x64.ActiveCfg = Debug|Any CPU
		{47CB727E-5F6A-4095-BA91-57AB8A5FC672}.Debug|x64.Build.0 = Debug|Any CPU
		{47CB727E-5F6A-4095-BA91-57AB8A5FC672}.Debug|x86.ActiveCfg = Debug|Any CPU
		{47CB727E-5F6A-4095-BA91-57AB8A5FC672}.Debug|x86.Build.0 = Debug|Any CPU
		{47CB727E-5F6A-4095-BA91-57AB8A5FC672}.Release|Any CPU.ActiveCfg = Release|Any CPU
		{47CB727E-5F6A-4095-BA91-57AB8A5FC672}.Release|Any CPU.Build.0 = Release|Any CPU
		{47CB727E-5F6A-4095-BA91-57AB8A5FC672}.Release|ARM.ActiveCfg = Release|Any CPU
		{47CB727E-5F6A-4095-BA91-57AB8A5FC672}.Release|ARM.Build.0 = Release|Any CPU
		{47CB727E-5F6A-4095-BA91-57AB8A5FC672}.Release|ARM64.ActiveCfg = Release|Any CPU
		{47CB727E-5F6A-4095-BA91-57AB8A5FC672}.Release|ARM64.Build.0 = Release|Any CPU
		{47CB727E-5F6A-4095-BA91-57AB8A5FC672}.Release|x64.ActiveCfg = Release|Any CPU
		{47CB727E-5F6A-4095-BA91-57AB8A5FC672}.Release|x64.Build.0 = Release|Any CPU
		{47CB727E-5F6A-4095-BA91-57AB8A5FC672}.Release|x86.ActiveCfg = Release|Any CPU
		{47CB727E-5F6A-4095-BA91-57AB8A5FC672}.Release|x86.Build.0 = Release|Any CPU
		{D44D0024-8F6F-4BE6-BB72-58D55FE7EC60}.Debug|Any CPU.ActiveCfg = Debug|Any CPU
		{D44D0024-8F6F-4BE6-BB72-58D55FE7EC60}.Debug|Any CPU.Build.0 = Debug|Any CPU
		{D44D0024-8F6F-4BE6-BB72-58D55FE7EC60}.Debug|ARM.ActiveCfg = Debug|Any CPU
		{D44D0024-8F6F-4BE6-BB72-58D55FE7EC60}.Debug|ARM.Build.0 = Debug|Any CPU
		{D44D0024-8F6F-4BE6-BB72-58D55FE7EC60}.Debug|ARM64.ActiveCfg = Debug|Any CPU
		{D44D0024-8F6F-4BE6-BB72-58D55FE7EC60}.Debug|ARM64.Build.0 = Debug|Any CPU
		{D44D0024-8F6F-4BE6-BB72-58D55FE7EC60}.Debug|x64.ActiveCfg = Debug|Any CPU
		{D44D0024-8F6F-4BE6-BB72-58D55FE7EC60}.Debug|x64.Build.0 = Debug|Any CPU
		{D44D0024-8F6F-4BE6-BB72-58D55FE7EC60}.Debug|x86.ActiveCfg = Debug|Any CPU
		{D44D0024-8F6F-4BE6-BB72-58D55FE7EC60}.Debug|x86.Build.0 = Debug|Any CPU
		{D44D0024-8F6F-4BE6-BB72-58D55FE7EC60}.Release|Any CPU.ActiveCfg = Release|Any CPU
		{D44D0024-8F6F-4BE6-BB72-58D55FE7EC60}.Release|Any CPU.Build.0 = Release|Any CPU
		{D44D0024-8F6F-4BE6-BB72-58D55FE7EC60}.Release|ARM.ActiveCfg = Release|Any CPU
		{D44D0024-8F6F-4BE6-BB72-58D55FE7EC60}.Release|ARM.Build.0 = Release|Any CPU
		{D44D0024-8F6F-4BE6-BB72-58D55FE7EC60}.Release|ARM64.ActiveCfg = Release|Any CPU
		{D44D0024-8F6F-4BE6-BB72-58D55FE7EC60}.Release|ARM64.Build.0 = Release|Any CPU
		{D44D0024-8F6F-4BE6-BB72-58D55FE7EC60}.Release|x64.ActiveCfg = Release|Any CPU
		{D44D0024-8F6F-4BE6-BB72-58D55FE7EC60}.Release|x64.Build.0 = Release|Any CPU
		{D44D0024-8F6F-4BE6-BB72-58D55FE7EC60}.Release|x86.ActiveCfg = Release|Any CPU
		{D44D0024-8F6F-4BE6-BB72-58D55FE7EC60}.Release|x86.Build.0 = Release|Any CPU
		{C0C68AED-EF09-4DC9-9894-88F6114CC5ED}.Debug|Any CPU.ActiveCfg = Debug|Any CPU
		{C0C68AED-EF09-4DC9-9894-88F6114CC5ED}.Debug|Any CPU.Build.0 = Debug|Any CPU
		{C0C68AED-EF09-4DC9-9894-88F6114CC5ED}.Debug|ARM.ActiveCfg = Debug|Any CPU
		{C0C68AED-EF09-4DC9-9894-88F6114CC5ED}.Debug|ARM.Build.0 = Debug|Any CPU
		{C0C68AED-EF09-4DC9-9894-88F6114CC5ED}.Debug|ARM64.ActiveCfg = Debug|Any CPU
		{C0C68AED-EF09-4DC9-9894-88F6114CC5ED}.Debug|ARM64.Build.0 = Debug|Any CPU
		{C0C68AED-EF09-4DC9-9894-88F6114CC5ED}.Debug|x64.ActiveCfg = Debug|Any CPU
		{C0C68AED-EF09-4DC9-9894-88F6114CC5ED}.Debug|x64.Build.0 = Debug|Any CPU
		{C0C68AED-EF09-4DC9-9894-88F6114CC5ED}.Debug|x86.ActiveCfg = Debug|Any CPU
		{C0C68AED-EF09-4DC9-9894-88F6114CC5ED}.Debug|x86.Build.0 = Debug|Any CPU
		{C0C68AED-EF09-4DC9-9894-88F6114CC5ED}.Release|Any CPU.ActiveCfg = Release|Any CPU
		{C0C68AED-EF09-4DC9-9894-88F6114CC5ED}.Release|Any CPU.Build.0 = Release|Any CPU
		{C0C68AED-EF09-4DC9-9894-88F6114CC5ED}.Release|ARM.ActiveCfg = Release|Any CPU
		{C0C68AED-EF09-4DC9-9894-88F6114CC5ED}.Release|ARM.Build.0 = Release|Any CPU
		{C0C68AED-EF09-4DC9-9894-88F6114CC5ED}.Release|ARM64.ActiveCfg = Release|Any CPU
		{C0C68AED-EF09-4DC9-9894-88F6114CC5ED}.Release|ARM64.Build.0 = Release|Any CPU
		{C0C68AED-EF09-4DC9-9894-88F6114CC5ED}.Release|x64.ActiveCfg = Release|Any CPU
		{C0C68AED-EF09-4DC9-9894-88F6114CC5ED}.Release|x64.Build.0 = Release|Any CPU
		{C0C68AED-EF09-4DC9-9894-88F6114CC5ED}.Release|x86.ActiveCfg = Release|Any CPU
		{C0C68AED-EF09-4DC9-9894-88F6114CC5ED}.Release|x86.Build.0 = Release|Any CPU
		{4D650CEF-0DD8-4AE6-99D4-B13C1778E564}.Debug|Any CPU.ActiveCfg = Debug|Any CPU
		{4D650CEF-0DD8-4AE6-99D4-B13C1778E564}.Debug|Any CPU.Build.0 = Debug|Any CPU
		{4D650CEF-0DD8-4AE6-99D4-B13C1778E564}.Debug|ARM.ActiveCfg = Debug|Any CPU
		{4D650CEF-0DD8-4AE6-99D4-B13C1778E564}.Debug|ARM.Build.0 = Debug|Any CPU
		{4D650CEF-0DD8-4AE6-99D4-B13C1778E564}.Debug|ARM64.ActiveCfg = Debug|Any CPU
		{4D650CEF-0DD8-4AE6-99D4-B13C1778E564}.Debug|ARM64.Build.0 = Debug|Any CPU
		{4D650CEF-0DD8-4AE6-99D4-B13C1778E564}.Debug|x64.ActiveCfg = Debug|Any CPU
		{4D650CEF-0DD8-4AE6-99D4-B13C1778E564}.Debug|x64.Build.0 = Debug|Any CPU
		{4D650CEF-0DD8-4AE6-99D4-B13C1778E564}.Debug|x86.ActiveCfg = Debug|Any CPU
		{4D650CEF-0DD8-4AE6-99D4-B13C1778E564}.Debug|x86.Build.0 = Debug|Any CPU
		{4D650CEF-0DD8-4AE6-99D4-B13C1778E564}.Release|Any CPU.ActiveCfg = Release|Any CPU
		{4D650CEF-0DD8-4AE6-99D4-B13C1778E564}.Release|Any CPU.Build.0 = Release|Any CPU
		{4D650CEF-0DD8-4AE6-99D4-B13C1778E564}.Release|ARM.ActiveCfg = Release|Any CPU
		{4D650CEF-0DD8-4AE6-99D4-B13C1778E564}.Release|ARM.Build.0 = Release|Any CPU
		{4D650CEF-0DD8-4AE6-99D4-B13C1778E564}.Release|ARM64.ActiveCfg = Release|Any CPU
		{4D650CEF-0DD8-4AE6-99D4-B13C1778E564}.Release|ARM64.Build.0 = Release|Any CPU
		{4D650CEF-0DD8-4AE6-99D4-B13C1778E564}.Release|x64.ActiveCfg = Release|Any CPU
		{4D650CEF-0DD8-4AE6-99D4-B13C1778E564}.Release|x64.Build.0 = Release|Any CPU
		{4D650CEF-0DD8-4AE6-99D4-B13C1778E564}.Release|x86.ActiveCfg = Release|Any CPU
		{4D650CEF-0DD8-4AE6-99D4-B13C1778E564}.Release|x86.Build.0 = Release|Any CPU
		{D681E3E9-31B4-46B3-9E78-81A649D111DC}.Debug|Any CPU.ActiveCfg = Debug|Any CPU
		{D681E3E9-31B4-46B3-9E78-81A649D111DC}.Debug|Any CPU.Build.0 = Debug|Any CPU
		{D681E3E9-31B4-46B3-9E78-81A649D111DC}.Debug|ARM.ActiveCfg = Debug|Any CPU
		{D681E3E9-31B4-46B3-9E78-81A649D111DC}.Debug|ARM.Build.0 = Debug|Any CPU
		{D681E3E9-31B4-46B3-9E78-81A649D111DC}.Debug|ARM64.ActiveCfg = Debug|Any CPU
		{D681E3E9-31B4-46B3-9E78-81A649D111DC}.Debug|ARM64.Build.0 = Debug|Any CPU
		{D681E3E9-31B4-46B3-9E78-81A649D111DC}.Debug|x64.ActiveCfg = Debug|Any CPU
		{D681E3E9-31B4-46B3-9E78-81A649D111DC}.Debug|x64.Build.0 = Debug|Any CPU
		{D681E3E9-31B4-46B3-9E78-81A649D111DC}.Debug|x86.ActiveCfg = Debug|Any CPU
		{D681E3E9-31B4-46B3-9E78-81A649D111DC}.Debug|x86.Build.0 = Debug|Any CPU
		{D681E3E9-31B4-46B3-9E78-81A649D111DC}.Release|Any CPU.ActiveCfg = Release|Any CPU
		{D681E3E9-31B4-46B3-9E78-81A649D111DC}.Release|Any CPU.Build.0 = Release|Any CPU
		{D681E3E9-31B4-46B3-9E78-81A649D111DC}.Release|ARM.ActiveCfg = Release|Any CPU
		{D681E3E9-31B4-46B3-9E78-81A649D111DC}.Release|ARM.Build.0 = Release|Any CPU
		{D681E3E9-31B4-46B3-9E78-81A649D111DC}.Release|ARM64.ActiveCfg = Release|Any CPU
		{D681E3E9-31B4-46B3-9E78-81A649D111DC}.Release|ARM64.Build.0 = Release|Any CPU
		{D681E3E9-31B4-46B3-9E78-81A649D111DC}.Release|x64.ActiveCfg = Release|Any CPU
		{D681E3E9-31B4-46B3-9E78-81A649D111DC}.Release|x64.Build.0 = Release|Any CPU
		{D681E3E9-31B4-46B3-9E78-81A649D111DC}.Release|x86.ActiveCfg = Release|Any CPU
		{D681E3E9-31B4-46B3-9E78-81A649D111DC}.Release|x86.Build.0 = Release|Any CPU
		{1726B93F-CF94-4838-ADF8-68AE3BB97306}.Debug|Any CPU.ActiveCfg = Debug|Any CPU
		{1726B93F-CF94-4838-ADF8-68AE3BB97306}.Debug|Any CPU.Build.0 = Debug|Any CPU
		{1726B93F-CF94-4838-ADF8-68AE3BB97306}.Debug|ARM.ActiveCfg = Debug|Any CPU
		{1726B93F-CF94-4838-ADF8-68AE3BB97306}.Debug|ARM.Build.0 = Debug|Any CPU
		{1726B93F-CF94-4838-ADF8-68AE3BB97306}.Debug|ARM64.ActiveCfg = Debug|Any CPU
		{1726B93F-CF94-4838-ADF8-68AE3BB97306}.Debug|ARM64.Build.0 = Debug|Any CPU
		{1726B93F-CF94-4838-ADF8-68AE3BB97306}.Debug|x64.ActiveCfg = Debug|Any CPU
		{1726B93F-CF94-4838-ADF8-68AE3BB97306}.Debug|x64.Build.0 = Debug|Any CPU
		{1726B93F-CF94-4838-ADF8-68AE3BB97306}.Debug|x86.ActiveCfg = Debug|Any CPU
		{1726B93F-CF94-4838-ADF8-68AE3BB97306}.Debug|x86.Build.0 = Debug|Any CPU
		{1726B93F-CF94-4838-ADF8-68AE3BB97306}.Release|Any CPU.ActiveCfg = Release|Any CPU
		{1726B93F-CF94-4838-ADF8-68AE3BB97306}.Release|Any CPU.Build.0 = Release|Any CPU
		{1726B93F-CF94-4838-ADF8-68AE3BB97306}.Release|ARM.ActiveCfg = Release|Any CPU
		{1726B93F-CF94-4838-ADF8-68AE3BB97306}.Release|ARM.Build.0 = Release|Any CPU
		{1726B93F-CF94-4838-ADF8-68AE3BB97306}.Release|ARM64.ActiveCfg = Release|Any CPU
		{1726B93F-CF94-4838-ADF8-68AE3BB97306}.Release|ARM64.Build.0 = Release|Any CPU
		{1726B93F-CF94-4838-ADF8-68AE3BB97306}.Release|x64.ActiveCfg = Release|Any CPU
		{1726B93F-CF94-4838-ADF8-68AE3BB97306}.Release|x64.Build.0 = Release|Any CPU
		{1726B93F-CF94-4838-ADF8-68AE3BB97306}.Release|x86.ActiveCfg = Release|Any CPU
		{1726B93F-CF94-4838-ADF8-68AE3BB97306}.Release|x86.Build.0 = Release|Any CPU
	EndGlobalSection
	GlobalSection(SolutionProperties) = preSolution
		HideSolutionNode = FALSE
	EndGlobalSection
	GlobalSection(NestedProjects) = preSolution
		{1726B93F-CF94-4838-ADF8-68AE3BB97306} = {7864CEF0-67CB-4FA1-9FDB-8F1B7C2B35B4}
	EndGlobalSection
	GlobalSection(ExtensibilityGlobals) = postSolution
		SolutionGuid = {FE3789EE-7DB3-49CF-9797-9CEEE98A7CAB}
	EndGlobalSection
EndGlobal
